
Microsoft Visual Studio Solution File, Format Version 12.00
# Visual Studio Version 16
VisualStudioVersion = 16.0.30717.126
MinimumVisualStudioVersion = 10.0.40219.1
Project("{9A19103F-16F7-4668-BE54-9A1E7A4F7556}") = "API", "API\API.csproj", "{A9288520-3A5B-410C-9CB5-41240CAD0076}"
EndProject
Project("{9A19103F-16F7-4668-BE54-9A1E7A4F7556}") = "EmailService", "EmailService\EmailService.csproj", "{2C33BD23-2DB9-413C-B3ED-25B37967D5B8}"
EndProject
Global
	GlobalSection(SolutionConfigurationPlatforms) = preSolution
		Debug|Any CPU = Debug|Any CPU
		Release|Any CPU = Release|Any CPU
	EndGlobalSection
	GlobalSection(ProjectConfigurationPlatforms) = postSolution
		{A9288520-3A5B-410C-9CB5-41240CAD0076}.Debug|Any CPU.ActiveCfg = Debug|Any CPU
		{A9288520-3A5B-410C-9CB5-41240CAD0076}.Debug|Any CPU.Build.0 = Debug|Any CPU
		{A9288520-3A5B-410C-9CB5-41240CAD0076}.Release|Any CPU.ActiveCfg = Release|Any CPU
		{A9288520-3A5B-410C-9CB5-41240CAD0076}.Release|Any CPU.Build.0 = Release|Any CPU
		{2C33BD23-2DB9-413C-B3ED-25B37967D5B8}.Debug|Any CPU.ActiveCfg = Debug|Any CPU
		{2C33BD23-2DB9-413C-B3ED-25B37967D5B8}.Debug|Any CPU.Build.0 = Debug|Any CPU
		{2C33BD23-2DB9-413C-B3ED-25B37967D5B8}.Release|Any CPU.ActiveCfg = Release|Any CPU
		{2C33BD23-2DB9-413C-B3ED-25B37967D5B8}.Release|Any CPU.Build.0 = Release|Any CPU
	EndGlobalSection
	GlobalSection(SolutionProperties) = preSolution
		HideSolutionNode = FALSE
	EndGlobalSection
	GlobalSection(ExtensibilityGlobals) = postSolution
		SolutionGuid = {C25E94A7-FD40-4714-8898-DFCE5A274442}
	EndGlobalSection
EndGlobal
